// !$*UTF8*$!
{
	archiveVersion = 1;
	classes = {
	};
	objectVersion = 48;
	objects = {

/* Begin PBXBuildFile section */
		57D5AEA020D850F4001736EF /* libwsh.a in Frameworks */ = {isa = PBXBuildFile; fileRef = 57D5AE9D20D850E1001736EF /* libwsh.a */; };
		57D5AEA420D85374001736EF /* svg.c in Sources */ = {isa = PBXBuildFile; fileRef = 57D5AEA320D85374001736EF /* svg.c */; };
		57D5AEB120D86612001736EF /* libcairo.a in Frameworks */ = {isa = PBXBuildFile; fileRef = 57D5AEB020D86612001736EF /* libcairo.a */; };
		57D5AEB520D866B8001736EF /* libfreetype.a in Frameworks */ = {isa = PBXBuildFile; fileRef = 57D5AEB420D866B7001736EF /* libfreetype.a */; };
		57D5AEB720D86764001736EF /* libfontconfig.a in Frameworks */ = {isa = PBXBuildFile; fileRef = 57D5AEB620D86764001736EF /* libfontconfig.a */; };
		57D5AEB920D8677F001736EF /* libpixman-1.a in Frameworks */ = {isa = PBXBuildFile; fileRef = 57D5AEB820D8677F001736EF /* libpixman-1.a */; };
		57D5AEBB20D86908001736EF /* libpng16.a in Frameworks */ = {isa = PBXBuildFile; fileRef = 57D5AEBA20D86908001736EF /* libpng16.a */; };
		57D73237206DC6AC00726D51 /* main.c in Sources */ = {isa = PBXBuildFile; fileRef = 57D73236206DC6AC00726D51 /* main.c */; };
		57D73241206DC73500726D51 /* libbrsh.a in Frameworks */ = {isa = PBXBuildFile; fileRef = 57D7323D206DC72900726D51 /* libbrsh.a */; };
		57FB21BD20D31C11007E2E9D /* brsh_demo_common.c in Sources */ = {isa = PBXBuildFile; fileRef = 57FB21BC20D31C11007E2E9D /* brsh_demo_common.c */; };
		57FB21CB20D32372007E2E9D /* primitives.c in Sources */ = {isa = PBXBuildFile; fileRef = 57FB21C920D32372007E2E9D /* primitives.c */; };
		57FB21D020D323C3007E2E9D /* libglfw3.a in Frameworks */ = {isa = PBXBuildFile; fileRef = 57FB21CF20D323C3007E2E9D /* libglfw3.a */; };
		57FB21D420D324B3007E2E9D /* CoreFoundation.framework in Frameworks */ = {isa = PBXBuildFile; fileRef = 57FB21D220D324B2007E2E9D /* CoreFoundation.framework */; };
		57FB21D620D324C4007E2E9D /* CoreGraphics.framework in Frameworks */ = {isa = PBXBuildFile; fileRef = 57FB21D520D324C4007E2E9D /* CoreGraphics.framework */; };
		57FB21D820D324C9007E2E9D /* IOKit.framework in Frameworks */ = {isa = PBXBuildFile; fileRef = 57FB21D720D324C9007E2E9D /* IOKit.framework */; };
		57FB21DA20D324D2007E2E9D /* Foundation.framework in Frameworks */ = {isa = PBXBuildFile; fileRef = 57FB21D920D324D2007E2E9D /* Foundation.framework */; };
		57FB21DC20D324DD007E2E9D /* Cocoa.framework in Frameworks */ = {isa = PBXBuildFile; fileRef = 57FB21DB20D324DD007E2E9D /* Cocoa.framework */; };
		57FB21DE20D324EA007E2E9D /* CoreVideo.framework in Frameworks */ = {isa = PBXBuildFile; fileRef = 57FB21DD20D324EA007E2E9D /* CoreVideo.framework */; };
/* End PBXBuildFile section */

/* Begin PBXContainerItemProxy section */
		57D5AE9C20D850E1001736EF /* PBXContainerItemProxy */ = {
			isa = PBXContainerItemProxy;
			containerPortal = 57D5AE9820D850E0001736EF /* wsh.xcodeproj */;
			proxyType = 2;
			remoteGlobalIDString = D13617E71DFB772900FD1F83;
			remoteInfo = wsh;
		};
		57D5AE9E20D850EF001736EF /* PBXContainerItemProxy */ = {
			isa = PBXContainerItemProxy;
			containerPortal = 57D5AE9820D850E0001736EF /* wsh.xcodeproj */;
			proxyType = 1;
			remoteGlobalIDString = D13617E61DFB772900FD1F83;
			remoteInfo = wsh;
		};
		57D7323C206DC72900726D51 /* PBXContainerItemProxy */ = {
			isa = PBXContainerItemProxy;
			containerPortal = 57D73238206DC72900726D51 /* brsh.xcodeproj */;
			proxyType = 2;
			remoteGlobalIDString = 57A005271F738951003231CC;
			remoteInfo = brsh;
		};
		57D7323E206DC73000726D51 /* PBXContainerItemProxy */ = {
			isa = PBXContainerItemProxy;
			containerPortal = 57D73238206DC72900726D51 /* brsh.xcodeproj */;
			proxyType = 1;
			remoteGlobalIDString = 57A005261F738951003231CC;
			remoteInfo = brsh;
		};
/* End PBXContainerItemProxy section */

/* Begin PBXCopyFilesBuildPhase section */
		57D73229206DC68700726D51 /* CopyFiles */ = {
			isa = PBXCopyFilesBuildPhase;
			buildActionMask = 2147483647;
			dstPath = /usr/share/man/man1/;
			dstSubfolderSpec = 0;
			files = (
			);
			runOnlyForDeploymentPostprocessing = 1;
		};
/* End PBXCopyFilesBuildPhase section */

/* Begin PBXFileReference section */
		57D5AE9820D850E0001736EF /* wsh.xcodeproj */ = {isa = PBXFileReference; lastKnownFileType = "wrapper.pb-project"; name = wsh.xcodeproj; path = ../../../wsh/work/wsh.xcodeproj; sourceTree = "<group>"; };
		57D5AEA320D85374001736EF /* svg.c */ = {isa = PBXFileReference; lastKnownFileType = sourcecode.c.c; path = svg.c; sourceTree = "<group>"; };
		57D5AEB020D86612001736EF /* libcairo.a */ = {isa = PBXFileReference; lastKnownFileType = archive.ar; name = libcairo.a; path = ../../../../../../../../usr/local/Cellar/cairo/1.14.12/lib/libcairo.a; sourceTree = "<group>"; };
		57D5AEB420D866B7001736EF /* libfreetype.a */ = {isa = PBXFileReference; lastKnownFileType = archive.ar; name = libfreetype.a; path = ../../../../../../../../usr/local/Cellar/freetype/2.9/lib/libfreetype.a; sourceTree = "<group>"; };
		57D5AEB620D86764001736EF /* libfontconfig.a */ = {isa = PBXFileReference; lastKnownFileType = archive.ar; name = libfontconfig.a; path = ../../../../../../../../usr/local/Cellar/fontconfig/2.12.6/lib/libfontconfig.a; sourceTree = "<group>"; };
		57D5AEB820D8677F001736EF /* libpixman-1.a */ = {isa = PBXFileReference; lastKnownFileType = archive.ar; name = "libpixman-1.a"; path = "../../../../../../../../usr/local/Cellar/pixman/0.34.0_1/lib/libpixman-1.a"; sourceTree = "<group>"; };
		57D5AEBA20D86908001736EF /* libpng16.a */ = {isa = PBXFileReference; lastKnownFileType = archive.ar; name = libpng16.a; path = ../../../../../../../../usr/local/Cellar/libpng/1.6.34/lib/libpng16.a; sourceTree = "<group>"; };
		57D7322B206DC68700726D51 /* brsh_demo */ = {isa = PBXFileReference; explicitFileType = "compiled.mach-o.executable"; includeInIndex = 0; path = brsh_demo; sourceTree = BUILT_PRODUCTS_DIR; };
		57D73236206DC6AC00726D51 /* main.c */ = {isa = PBXFileReference; fileEncoding = 4; lastKnownFileType = sourcecode.c.c; path = main.c; sourceTree = "<group>"; };
		57D73238206DC72900726D51 /* brsh.xcodeproj */ = {isa = PBXFileReference; lastKnownFileType = "wrapper.pb-project"; name = brsh.xcodeproj; path = ../../work/brsh.xcodeproj; sourceTree = "<group>"; };
		57FB21BA20D31BB3007E2E9D /* demo.h */ = {isa = PBXFileReference; lastKnownFileType = sourcecode.c.h; path = demo.h; sourceTree = "<group>"; };
		57FB21BB20D31C11007E2E9D /* brsh_demo_common.h */ = {isa = PBXFileReference; lastKnownFileType = sourcecode.c.h; path = brsh_demo_common.h; sourceTree = "<group>"; };
		57FB21BC20D31C11007E2E9D /* brsh_demo_common.c */ = {isa = PBXFileReference; lastKnownFileType = sourcecode.c.c; path = brsh_demo_common.c; sourceTree = "<group>"; };
		57FB21C920D32372007E2E9D /* primitives.c */ = {isa = PBXFileReference; fileEncoding = 4; lastKnownFileType = sourcecode.c.c; path = primitives.c; sourceTree = "<group>"; };
		57FB21CA20D32372007E2E9D /* primitives.h */ = {isa = PBXFileReference; fileEncoding = 4; lastKnownFileType = sourcecode.c.h; path = primitives.h; sourceTree = "<group>"; };
		57FB21CF20D323C3007E2E9D /* libglfw3.a */ = {isa = PBXFileReference; lastKnownFileType = archive.ar; name = libglfw3.a; path = ../../../../contrib/platform/darwin/libglfw3.a; sourceTree = "<group>"; };
		57FB21D120D324B2007E2E9D /* CoreBluetooth.framework */ = {isa = PBXFileReference; lastKnownFileType = wrapper.framework; name = CoreBluetooth.framework; path = System/Library/Frameworks/CoreBluetooth.framework; sourceTree = SDKROOT; };
		57FB21D220D324B2007E2E9D /* CoreFoundation.framework */ = {isa = PBXFileReference; lastKnownFileType = wrapper.framework; name = CoreFoundation.framework; path = System/Library/Frameworks/CoreFoundation.framework; sourceTree = SDKROOT; };
		57FB21D520D324C4007E2E9D /* CoreGraphics.framework */ = {isa = PBXFileReference; lastKnownFileType = wrapper.framework; name = CoreGraphics.framework; path = System/Library/Frameworks/CoreGraphics.framework; sourceTree = SDKROOT; };
		57FB21D720D324C9007E2E9D /* IOKit.framework */ = {isa = PBXFileReference; lastKnownFileType = wrapper.framework; name = IOKit.framework; path = System/Library/Frameworks/IOKit.framework; sourceTree = SDKROOT; };
		57FB21D920D324D2007E2E9D /* Foundation.framework */ = {isa = PBXFileReference; lastKnownFileType = wrapper.framework; name = Foundation.framework; path = System/Library/Frameworks/Foundation.framework; sourceTree = SDKROOT; };
		57FB21DB20D324DD007E2E9D /* Cocoa.framework */ = {isa = PBXFileReference; lastKnownFileType = wrapper.framework; name = Cocoa.framework; path = System/Library/Frameworks/Cocoa.framework; sourceTree = SDKROOT; };
		57FB21DD20D324EA007E2E9D /* CoreVideo.framework */ = {isa = PBXFileReference; lastKnownFileType = wrapper.framework; name = CoreVideo.framework; path = System/Library/Frameworks/CoreVideo.framework; sourceTree = SDKROOT; };
/* End PBXFileReference section */

/* Begin PBXFrameworksBuildPhase section */
		57D73228206DC68700726D51 /* Frameworks */ = {
			isa = PBXFrameworksBuildPhase;
			buildActionMask = 2147483647;
			files = (
				57D5AEA020D850F4001736EF /* libwsh.a in Frameworks */,
				57FB21DE20D324EA007E2E9D /* CoreVideo.framework in Frameworks */,
				57D5AEB720D86764001736EF /* libfontconfig.a in Frameworks */,
				57D5AEB920D8677F001736EF /* libpixman-1.a in Frameworks */,
				57FB21DC20D324DD007E2E9D /* Cocoa.framework in Frameworks */,
				57FB21DA20D324D2007E2E9D /* Foundation.framework in Frameworks */,
				57D5AEBB20D86908001736EF /* libpng16.a in Frameworks */,
				57FB21D820D324C9007E2E9D /* IOKit.framework in Frameworks */,
				57FB21D620D324C4007E2E9D /* CoreGraphics.framework in Frameworks */,
				57D5AEB520D866B8001736EF /* libfreetype.a in Frameworks */,
				57D5AEB120D86612001736EF /* libcairo.a in Frameworks */,
				57FB21D420D324B3007E2E9D /* CoreFoundation.framework in Frameworks */,
				57D73241206DC73500726D51 /* libbrsh.a in Frameworks */,
				57FB21D020D323C3007E2E9D /* libglfw3.a in Frameworks */,
			);
			runOnlyForDeploymentPostprocessing = 0;
		};
/* End PBXFrameworksBuildPhase section */

/* Begin PBXGroup section */
		57D5AE9920D850E0001736EF /* Products */ = {
			isa = PBXGroup;
			children = (
				57D5AE9D20D850E1001736EF /* libwsh.a */,
			);
			name = Products;
			sourceTree = "<group>";
		};
		57D5AEA120D85315001736EF /* demos */ = {
			isa = PBXGroup;
			children = (
				57D5AEA320D85374001736EF /* svg.c */,
			);
			path = demos;
			sourceTree = "<group>";
		};
		57D73222206DC68700726D51 = {
			isa = PBXGroup;
			children = (
				57D5AE9820D850E0001736EF /* wsh.xcodeproj */,
				57D73238206DC72900726D51 /* brsh.xcodeproj */,
				57FB21CE20D323B7007E2E9D /* lib */,
				57D73235206DC6AC00726D51 /* src */,
				57D7322C206DC68700726D51 /* Products */,
				57D73240206DC73500726D51 /* Frameworks */,
			);
			sourceTree = "<group>";
		};
		57D7322C206DC68700726D51 /* Products */ = {
			isa = PBXGroup;
			children = (
				57D7322B206DC68700726D51 /* brsh_demo */,
			);
			name = Products;
			sourceTree = "<group>";
		};
		57D73235206DC6AC00726D51 /* src */ = {
			isa = PBXGroup;
			children = (
				57FB21CD20D323B2007E2E9D /* New Group */,
				57D5AEA120D85315001736EF /* demos */,
				57FB21C820D32372007E2E9D /* support */,
				57FB21BC20D31C11007E2E9D /* brsh_demo_common.c */,
				57FB21BB20D31C11007E2E9D /* brsh_demo_common.h */,
				57FB21BA20D31BB3007E2E9D /* demo.h */,
				57D73236206DC6AC00726D51 /* main.c */,
			);
			name = src;
			path = ../src;
			sourceTree = "<group>";
		};
		57D73239206DC72900726D51 /* Products */ = {
			isa = PBXGroup;
			children = (
				57D7323D206DC72900726D51 /* libbrsh.a */,
			);
			name = Products;
			sourceTree = "<group>";
		};
		57D73240206DC73500726D51 /* Frameworks */ = {
			isa = PBXGroup;
			children = (
				57FB21DD20D324EA007E2E9D /* CoreVideo.framework */,
				57FB21DB20D324DD007E2E9D /* Cocoa.framework */,
				57FB21D920D324D2007E2E9D /* Foundation.framework */,
				57FB21D720D324C9007E2E9D /* IOKit.framework */,
				57FB21D520D324C4007E2E9D /* CoreGraphics.framework */,
				57FB21D120D324B2007E2E9D /* CoreBluetooth.framework */,
				57FB21D220D324B2007E2E9D /* CoreFoundation.framework */,
			);
			name = Frameworks;
			sourceTree = "<group>";
		};
		57FB21C820D32372007E2E9D /* support */ = {
			isa = PBXGroup;
			children = (
				57FB21C920D32372007E2E9D /* primitives.c */,
				57FB21CA20D32372007E2E9D /* primitives.h */,
			);
			path = support;
			sourceTree = "<group>";
		};
		57FB21CD20D323B2007E2E9D /* New Group */ = {
			isa = PBXGroup;
			children = (
			);
			name = "New Group";
			sourceTree = "<group>";
		};
		57FB21CE20D323B7007E2E9D /* lib */ = {
			isa = PBXGroup;
			children = (
				57D5AEB620D86764001736EF /* libfontconfig.a */,
				57D5AEBA20D86908001736EF /* libpng16.a */,
				57D5AEB420D866B7001736EF /* libfreetype.a */,
				57D5AEB020D86612001736EF /* libcairo.a */,
				57D5AEB820D8677F001736EF /* libpixman-1.a */,
				57FB21CF20D323C3007E2E9D /* libglfw3.a */,
			);
			name = lib;
			path = ../src;
			sourceTree = "<group>";
		};
/* End PBXGroup section */

/* Begin PBXNativeTarget section */
		57D7322A206DC68700726D51 /* brsh_demo */ = {
			isa = PBXNativeTarget;
			buildConfigurationList = 57D73232206DC68700726D51 /* Build configuration list for PBXNativeTarget "brsh_demo" */;
			buildPhases = (
				57D73227206DC68700726D51 /* Sources */,
				57D73228206DC68700726D51 /* Frameworks */,
				57D73229206DC68700726D51 /* CopyFiles */,
			);
			buildRules = (
			);
			dependencies = (
				57D5AE9F20D850EF001736EF /* PBXTargetDependency */,
				57D7323F206DC73000726D51 /* PBXTargetDependency */,
			);
			name = brsh_demo;
			productName = brsh_demo;
			productReference = 57D7322B206DC68700726D51 /* brsh_demo */;
			productType = "com.apple.product-type.tool";
		};
/* End PBXNativeTarget section */

/* Begin PBXProject section */
		57D73223206DC68700726D51 /* Project object */ = {
			isa = PBXProject;
			attributes = {
				LastUpgradeCheck = 1000;
				ORGANIZATIONNAME = ruminant;
				TargetAttributes = {
					57D7322A206DC68700726D51 = {
						CreatedOnToolsVersion = 9.2;
						ProvisioningStyle = Automatic;
					};
				};
			};
			buildConfigurationList = 57D73226206DC68700726D51 /* Build configuration list for PBXProject "brsh_demo" */;
			compatibilityVersion = "Xcode 8.0";
			developmentRegion = en;
			hasScannedForEncodings = 0;
			knownRegions = (
				en,
			);
			mainGroup = 57D73222206DC68700726D51;
			productRefGroup = 57D7322C206DC68700726D51 /* Products */;
			projectDirPath = "";
			projectReferences = (
				{
					ProductGroup = 57D73239206DC72900726D51 /* Products */;
					ProjectRef = 57D73238206DC72900726D51 /* brsh.xcodeproj */;
				},
				{
					ProductGroup = 57D5AE9920D850E0001736EF /* Products */;
					ProjectRef = 57D5AE9820D850E0001736EF /* wsh.xcodeproj */;
				},
			);
			projectRoot = "";
			targets = (
				57D7322A206DC68700726D51 /* brsh_demo */,
			);
		};
/* End PBXProject section */

/* Begin PBXReferenceProxy section */
		57D5AE9D20D850E1001736EF /* libwsh.a */ = {
			isa = PBXReferenceProxy;
			fileType = archive.ar;
			path = libwsh.a;
			remoteRef = 57D5AE9C20D850E1001736EF /* PBXContainerItemProxy */;
			sourceTree = BUILT_PRODUCTS_DIR;
		};
		57D7323D206DC72900726D51 /* libbrsh.a */ = {
			isa = PBXReferenceProxy;
			fileType = archive.ar;
			path = libbrsh.a;
			remoteRef = 57D7323C206DC72900726D51 /* PBXContainerItemProxy */;
			sourceTree = BUILT_PRODUCTS_DIR;
		};
/* End PBXReferenceProxy section */

/* Begin PBXSourcesBuildPhase section */
		57D73227206DC68700726D51 /* Sources */ = {
			isa = PBXSourcesBuildPhase;
			buildActionMask = 2147483647;
			files = (
				57FB21CB20D32372007E2E9D /* primitives.c in Sources */,
				57FB21BD20D31C11007E2E9D /* brsh_demo_common.c in Sources */,
				57D5AEA420D85374001736EF /* svg.c in Sources */,
				57D73237206DC6AC00726D51 /* main.c in Sources */,
			);
			runOnlyForDeploymentPostprocessing = 0;
		};
/* End PBXSourcesBuildPhase section */

/* Begin PBXTargetDependency section */
		57D5AE9F20D850EF001736EF /* PBXTargetDependency */ = {
			isa = PBXTargetDependency;
			name = wsh;
			targetProxy = 57D5AE9E20D850EF001736EF /* PBXContainerItemProxy */;
		};
		57D7323F206DC73000726D51 /* PBXTargetDependency */ = {
			isa = PBXTargetDependency;
			name = brsh;
			targetProxy = 57D7323E206DC73000726D51 /* PBXContainerItemProxy */;
		};
/* End PBXTargetDependency section */

/* Begin XCBuildConfiguration section */
		57D73230206DC68700726D51 /* Debug */ = {
			isa = XCBuildConfiguration;
			buildSettings = {
				ALWAYS_SEARCH_USER_PATHS = NO;
				CLANG_ANALYZER_NONNULL = YES;
				CLANG_ANALYZER_NUMBER_OBJECT_CONVERSION = YES_AGGRESSIVE;
				CLANG_CXX_LANGUAGE_STANDARD = "gnu++14";
				CLANG_CXX_LIBRARY = "libc++";
				CLANG_ENABLE_MODULES = YES;
				CLANG_ENABLE_OBJC_ARC = YES;
				CLANG_WARN_BLOCK_CAPTURE_AUTORELEASING = YES;
				CLANG_WARN_BOOL_CONVERSION = YES;
				CLANG_WARN_COMMA = YES;
				CLANG_WARN_CONSTANT_CONVERSION = YES;
				CLANG_WARN_DEPRECATED_OBJC_IMPLEMENTATIONS = YES;
				CLANG_WARN_DIRECT_OBJC_ISA_USAGE = YES_ERROR;
				CLANG_WARN_DOCUMENTATION_COMMENTS = YES;
				CLANG_WARN_EMPTY_BODY = YES;
				CLANG_WARN_ENUM_CONVERSION = YES;
				CLANG_WARN_INFINITE_RECURSION = YES;
				CLANG_WARN_INT_CONVERSION = YES;
				CLANG_WARN_NON_LITERAL_NULL_CONVERSION = YES;
				CLANG_WARN_OBJC_IMPLICIT_RETAIN_SELF = YES;
				CLANG_WARN_OBJC_LITERAL_CONVERSION = YES;
				CLANG_WARN_OBJC_ROOT_CLASS = YES_ERROR;
				CLANG_WARN_RANGE_LOOP_ANALYSIS = YES;
				CLANG_WARN_STRICT_PROTOTYPES = YES;
				CLANG_WARN_SUSPICIOUS_MOVE = YES;
				CLANG_WARN_UNGUARDED_AVAILABILITY = YES_AGGRESSIVE;
				CLANG_WARN_UNREACHABLE_CODE = YES;
				CLANG_WARN__DUPLICATE_METHOD_MATCH = YES;
				CODE_SIGN_IDENTITY = "Mac Developer";
				COPY_PHASE_STRIP = NO;
				DEBUG_INFORMATION_FORMAT = dwarf;
				ENABLE_STRICT_OBJC_MSGSEND = YES;
				ENABLE_TESTABILITY = YES;
				GCC_C_LANGUAGE_STANDARD = gnu11;
				GCC_DYNAMIC_NO_PIC = NO;
				GCC_NO_COMMON_BLOCKS = YES;
				GCC_OPTIMIZATION_LEVEL = 0;
				GCC_PREPROCESSOR_DEFINITIONS = (
					"DEBUG=1",
					"$(inherited)",
				);
				GCC_WARN_64_TO_32_BIT_CONVERSION = YES;
				GCC_WARN_ABOUT_RETURN_TYPE = YES_ERROR;
				GCC_WARN_UNDECLARED_SELECTOR = YES;
				GCC_WARN_UNINITIALIZED_AUTOS = YES_AGGRESSIVE;
				GCC_WARN_UNUSED_FUNCTION = YES;
				GCC_WARN_UNUSED_VARIABLE = YES;
				MACOSX_DEPLOYMENT_TARGET = 10.13;
				MTL_ENABLE_DEBUG_INFO = YES;
				ONLY_ACTIVE_ARCH = YES;
				SDKROOT = macosx;
			};
			name = Debug;
		};
		57D73231206DC68700726D51 /* Release */ = {
			isa = XCBuildConfiguration;
			buildSettings = {
				ALWAYS_SEARCH_USER_PATHS = NO;
				CLANG_ANALYZER_NONNULL = YES;
				CLANG_ANALYZER_NUMBER_OBJECT_CONVERSION = YES_AGGRESSIVE;
				CLANG_CXX_LANGUAGE_STANDARD = "gnu++14";
				CLANG_CXX_LIBRARY = "libc++";
				CLANG_ENABLE_MODULES = YES;
				CLANG_ENABLE_OBJC_ARC = YES;
				CLANG_WARN_BLOCK_CAPTURE_AUTORELEASING = YES;
				CLANG_WARN_BOOL_CONVERSION = YES;
				CLANG_WARN_COMMA = YES;
				CLANG_WARN_CONSTANT_CONVERSION = YES;
				CLANG_WARN_DEPRECATED_OBJC_IMPLEMENTATIONS = YES;
				CLANG_WARN_DIRECT_OBJC_ISA_USAGE = YES_ERROR;
				CLANG_WARN_DOCUMENTATION_COMMENTS = YES;
				CLANG_WARN_EMPTY_BODY = YES;
				CLANG_WARN_ENUM_CONVERSION = YES;
				CLANG_WARN_INFINITE_RECURSION = YES;
				CLANG_WARN_INT_CONVERSION = YES;
				CLANG_WARN_NON_LITERAL_NULL_CONVERSION = YES;
				CLANG_WARN_OBJC_IMPLICIT_RETAIN_SELF = YES;
				CLANG_WARN_OBJC_LITERAL_CONVERSION = YES;
				CLANG_WARN_OBJC_ROOT_CLASS = YES_ERROR;
				CLANG_WARN_RANGE_LOOP_ANALYSIS = YES;
				CLANG_WARN_STRICT_PROTOTYPES = YES;
				CLANG_WARN_SUSPICIOUS_MOVE = YES;
				CLANG_WARN_UNGUARDED_AVAILABILITY = YES_AGGRESSIVE;
				CLANG_WARN_UNREACHABLE_CODE = YES;
				CLANG_WARN__DUPLICATE_METHOD_MATCH = YES;
				CODE_SIGN_IDENTITY = "Mac Developer";
				COPY_PHASE_STRIP = NO;
				DEBUG_INFORMATION_FORMAT = "dwarf-with-dsym";
				ENABLE_NS_ASSERTIONS = NO;
				ENABLE_STRICT_OBJC_MSGSEND = YES;
				GCC_C_LANGUAGE_STANDARD = gnu11;
				GCC_NO_COMMON_BLOCKS = YES;
				GCC_WARN_64_TO_32_BIT_CONVERSION = YES;
				GCC_WARN_ABOUT_RETURN_TYPE = YES_ERROR;
				GCC_WARN_UNDECLARED_SELECTOR = YES;
				GCC_WARN_UNINITIALIZED_AUTOS = YES_AGGRESSIVE;
				GCC_WARN_UNUSED_FUNCTION = YES;
				GCC_WARN_UNUSED_VARIABLE = YES;
				MACOSX_DEPLOYMENT_TARGET = 10.13;
				MTL_ENABLE_DEBUG_INFO = NO;
				SDKROOT = macosx;
			};
			name = Release;
		};
		57D73233206DC68700726D51 /* Debug */ = {
			isa = XCBuildConfiguration;
			buildSettings = {
				CODE_SIGN_STYLE = Automatic;
				DEVELOPMENT_TEAM = W7MSG2FEA9;
				HEADER_SEARCH_PATHS = (
					../../../,
					/usr/local/include,
					../../contrib,
					../contrib,
				);
				LIBRARY_SEARCH_PATHS = (
					/usr/local/lib,
<<<<<<< Updated upstream

=======
>>>>>>> Stashed changes
					../../../../contrib/platform/darwin,
					../../contrib/platform/darwin,
					/usr/local/Cellar/cairo/1.14.12/lib,
					/usr/local/Cellar/freetype/2.9/lib,
					/usr/local/Cellar/fontconfig/2.12.6/lib,
					/usr/local/Cellar/pixman/0.34.0_1/lib,
					/usr/local/Cellar/libpng/1.6.34/lib,
				);
				PRODUCT_NAME = "$(TARGET_NAME)";
			};
			name = Debug;
		};
		57D73234206DC68700726D51 /* Release */ = {
			isa = XCBuildConfiguration;
			buildSettings = {
				CODE_SIGN_STYLE = Automatic;
				DEVELOPMENT_TEAM = W7MSG2FEA9;
				HEADER_SEARCH_PATHS = (
					../../../,
					/usr/local/include,
					../../contrib,
					../contrib,
				);
				LIBRARY_SEARCH_PATHS = (
					/usr/local/lib,
					../../../../contrib/platform/darwin,
					../../contrib/platform/darwin,
					/usr/local/Cellar/cairo/1.14.12/lib,
					/usr/local/Cellar/freetype/2.9/lib,
					/usr/local/Cellar/fontconfig/2.12.6/lib,
					/usr/local/Cellar/pixman/0.34.0_1/lib,
					/usr/local/Cellar/libpng/1.6.34/lib,
				);
				PRODUCT_NAME = "$(TARGET_NAME)";
			};
			name = Release;
		};
/* End XCBuildConfiguration section */

/* Begin XCConfigurationList section */
		57D73226206DC68700726D51 /* Build configuration list for PBXProject "brsh_demo" */ = {
			isa = XCConfigurationList;
			buildConfigurations = (
				57D73230206DC68700726D51 /* Debug */,
				57D73231206DC68700726D51 /* Release */,
			);
			defaultConfigurationIsVisible = 0;
			defaultConfigurationName = Release;
		};
		57D73232206DC68700726D51 /* Build configuration list for PBXNativeTarget "brsh_demo" */ = {
			isa = XCConfigurationList;
			buildConfigurations = (
				57D73233206DC68700726D51 /* Debug */,
				57D73234206DC68700726D51 /* Release */,
			);
			defaultConfigurationIsVisible = 0;
			defaultConfigurationName = Release;
		};
/* End XCConfigurationList section */
	};
	rootObject = 57D73223206DC68700726D51 /* Project object */;
}
