// !$*UTF8*$!
{
	archiveVersion = 1;
	classes = {
	};
	objectVersion = 46;
	objects = {

/* Begin PBXBuildFile section */
		57203DAA2050C3B100B227DE /* brsh_brush.c in Sources */ = {isa = PBXBuildFile; fileRef = 57203DA52050C3B100B227DE /* brsh_brush.c */; };
		5726CCF0206C281D00E1F213 /* brsh_plugins.c in Sources */ = {isa = PBXBuildFile; fileRef = 5726CCEF206C281D00E1F213 /* brsh_plugins.c */; };
		57BCA3A92050C5170015DA40 /* brsh.c in Sources */ = {isa = PBXBuildFile; fileRef = 57BCA3A82050C5170015DA40 /* brsh.c */; };
/* End PBXBuildFile section */

/* Begin PBXCopyFilesBuildPhase section */
		57F0DCFD1E4925C000949D90 /* CopyFiles */ = {
			isa = PBXCopyFilesBuildPhase;
			buildActionMask = 2147483647;
			dstPath = "include/$(PRODUCT_NAME)";
			dstSubfolderSpec = 16;
			files = (
			);
			runOnlyForDeploymentPostprocessing = 0;
		};
/* End PBXCopyFilesBuildPhase section */

/* Begin PBXFileReference section */
		57203DA52050C3B100B227DE /* brsh_brush.c */ = {isa = PBXFileReference; fileEncoding = 4; lastKnownFileType = sourcecode.c.c; path = brsh_brush.c; sourceTree = "<group>"; };
		57203DA92050C3B100B227DE /* brsh_brush.h */ = {isa = PBXFileReference; fileEncoding = 4; lastKnownFileType = sourcecode.c.h; path = brsh_brush.h; sourceTree = "<group>"; };
		5726CCEE206C281D00E1F213 /* brsh_plugins.h */ = {isa = PBXFileReference; fileEncoding = 4; lastKnownFileType = sourcecode.c.h; path = brsh_plugins.h; sourceTree = "<group>"; };
		5726CCEF206C281D00E1F213 /* brsh_plugins.c */ = {isa = PBXFileReference; fileEncoding = 4; lastKnownFileType = sourcecode.c.c; path = brsh_plugins.c; sourceTree = "<group>"; };
		57BCA3A72050C5130015DA40 /* brsh.h */ = {isa = PBXFileReference; fileEncoding = 4; lastKnownFileType = sourcecode.c.h; name = brsh.h; path = ../brsh.h; sourceTree = "<group>"; };
		57BCA3A82050C5170015DA40 /* brsh.c */ = {isa = PBXFileReference; fileEncoding = 4; lastKnownFileType = sourcecode.c.c; name = brsh.c; path = ../brsh.c; sourceTree = "<group>"; };
		57F0DCFF1E4925C000949D90 /* libbrsh.a */ = {isa = PBXFileReference; explicitFileType = archive.ar; includeInIndex = 0; path = libbrsh.a; sourceTree = BUILT_PRODUCTS_DIR; };
/* End PBXFileReference section */

/* Begin PBXFrameworksBuildPhase section */
		57F0DCFC1E4925C000949D90 /* Frameworks */ = {
			isa = PBXFrameworksBuildPhase;
			buildActionMask = 2147483647;
			files = (
			);
			runOnlyForDeploymentPostprocessing = 0;
		};
/* End PBXFrameworksBuildPhase section */

/* Begin PBXGroup section */
		57203DA42050C3B100B227DE /* src */ = {
			isa = PBXGroup;
			children = (
				5726CCED206C281D00E1F213 /* plugin */,
				57203DA92050C3B100B227DE /* brsh_brush.h */,
				57203DA52050C3B100B227DE /* brsh_brush.c */,
			);
			name = src;
			path = ../src;
			sourceTree = "<group>";
		};
		5726CCED206C281D00E1F213 /* plugin */ = {
			isa = PBXGroup;
			children = (
				5726CCEE206C281D00E1F213 /* brsh_plugins.h */,
				5726CCEF206C281D00E1F213 /* brsh_plugins.c */,
			);
			path = plugin;
			sourceTree = "<group>";
		};
		57F0DCF61E4925C000949D90 = {
			isa = PBXGroup;
			children = (
				57203DA42050C3B100B227DE /* src */,
				57BCA3A82050C5170015DA40 /* brsh.c */,
				57BCA3A72050C5130015DA40 /* brsh.h */,
				57F0DD001E4925C000949D90 /* Products */,
			);
			sourceTree = "<group>";
		};
		57F0DD001E4925C000949D90 /* Products */ = {
			isa = PBXGroup;
			children = (
				57F0DCFF1E4925C000949D90 /* libbrsh.a */,
			);
			name = Products;
			sourceTree = "<group>";
		};
/* End PBXGroup section */

/* Begin PBXNativeTarget section */
		57F0DCFE1E4925C000949D90 /* brsh-ios */ = {
			isa = PBXNativeTarget;
			buildConfigurationList = 57F0DD081E4925C000949D90 /* Build configuration list for PBXNativeTarget "brsh-ios" */;
			buildPhases = (
				57F0DCFB1E4925C000949D90 /* Sources */,
				57F0DCFC1E4925C000949D90 /* Frameworks */,
				57F0DCFD1E4925C000949D90 /* CopyFiles */,
			);
			buildRules = (
			);
			dependencies = (
			);
			name = "brsh-ios";
			productName = "brsh-ios";
			productReference = 57F0DCFF1E4925C000949D90 /* libbrsh.a */;
			productType = "com.apple.product-type.library.static";
		};
/* End PBXNativeTarget section */

/* Begin PBXProject section */
		57F0DCF71E4925C000949D90 /* Project object */ = {
			isa = PBXProject;
			attributes = {
				LastUpgradeCheck = 0900;
				ORGANIZATIONNAME = vaporstack;
				TargetAttributes = {
					57F0DCFE1E4925C000949D90 = {
						CreatedOnToolsVersion = 8.2.1;
						DevelopmentTeam = 42R5XUY266;
						ProvisioningStyle = Automatic;
					};
				};
			};
			buildConfigurationList = 57F0DCFA1E4925C000949D90 /* Build configuration list for PBXProject "brsh-ios" */;
			compatibilityVersion = "Xcode 3.2";
			developmentRegion = English;
			hasScannedForEncodings = 0;
			knownRegions = (
				en,
			);
			mainGroup = 57F0DCF61E4925C000949D90;
			productRefGroup = 57F0DD001E4925C000949D90 /* Products */;
			projectDirPath = "";
			projectRoot = "";
			targets = (
				57F0DCFE1E4925C000949D90 /* brsh-ios */,
			);
		};
/* End PBXProject section */

/* Begin PBXSourcesBuildPhase section */
		57F0DCFB1E4925C000949D90 /* Sources */ = {
			isa = PBXSourcesBuildPhase;
			buildActionMask = 2147483647;
			files = (
				57203DAA2050C3B100B227DE /* brsh_brush.c in Sources */,
				57BCA3A92050C5170015DA40 /* brsh.c in Sources */,
				5726CCF0206C281D00E1F213 /* brsh_plugins.c in Sources */,
			);
			runOnlyForDeploymentPostprocessing = 0;
		};
/* End PBXSourcesBuildPhase section */

/* Begin XCBuildConfiguration section */
		57F0DD061E4925C000949D90 /* Debug */ = {
			isa = XCBuildConfiguration;
			buildSettings = {
				ALWAYS_SEARCH_USER_PATHS = NO;
				CLANG_ANALYZER_NONNULL = YES;
				CLANG_CXX_LANGUAGE_STANDARD = "gnu++0x";
				CLANG_CXX_LIBRARY = "libc++";
				CLANG_ENABLE_MODULES = YES;
				CLANG_ENABLE_OBJC_ARC = YES;
				CLANG_WARN_BLOCK_CAPTURE_AUTORELEASING = YES;
				CLANG_WARN_BOOL_CONVERSION = YES;
				CLANG_WARN_COMMA = YES;
				CLANG_WARN_CONSTANT_CONVERSION = YES;
				CLANG_WARN_DIRECT_OBJC_ISA_USAGE = YES_ERROR;
				CLANG_WARN_DOCUMENTATION_COMMENTS = YES;
				CLANG_WARN_EMPTY_BODY = YES;
				CLANG_WARN_ENUM_CONVERSION = YES;
				CLANG_WARN_INFINITE_RECURSION = YES;
				CLANG_WARN_INT_CONVERSION = YES;
				CLANG_WARN_NON_LITERAL_NULL_CONVERSION = YES;
				CLANG_WARN_OBJC_LITERAL_CONVERSION = YES;
				CLANG_WARN_OBJC_ROOT_CLASS = YES_ERROR;
				CLANG_WARN_RANGE_LOOP_ANALYSIS = YES;
				CLANG_WARN_STRICT_PROTOTYPES = YES;
				CLANG_WARN_SUSPICIOUS_MOVE = YES;
				CLANG_WARN_UNREACHABLE_CODE = YES;
				CLANG_WARN__DUPLICATE_METHOD_MATCH = YES;
				"CODE_SIGN_IDENTITY[sdk=iphoneos*]" = "iPhone Developer";
				COPY_PHASE_STRIP = NO;
				DEBUG_INFORMATION_FORMAT = dwarf;
				ENABLE_STRICT_OBJC_MSGSEND = YES;
				ENABLE_TESTABILITY = YES;
				GCC_C_LANGUAGE_STANDARD = gnu99;
				GCC_DYNAMIC_NO_PIC = NO;
				GCC_NO_COMMON_BLOCKS = YES;
				GCC_OPTIMIZATION_LEVEL = 0;
				GCC_PREPROCESSOR_DEFINITIONS = (
					"DEBUG=1",
					"$(inherited)",
				);
				GCC_WARN_64_TO_32_BIT_CONVERSION = YES;
				GCC_WARN_ABOUT_RETURN_TYPE = YES_ERROR;
				GCC_WARN_UNDECLARED_SELECTOR = YES;
				GCC_WARN_UNINITIALIZED_AUTOS = YES_AGGRESSIVE;
				GCC_WARN_UNUSED_FUNCTION = YES;
				GCC_WARN_UNUSED_VARIABLE = YES;
				IPHONEOS_DEPLOYMENT_TARGET = 8.0;
				MTL_ENABLE_DEBUG_INFO = YES;
				ONLY_ACTIVE_ARCH = YES;
				SDKROOT = iphoneos;
				SYMROOT = ../../../build;
			};
			name = Debug;
		};
		57F0DD071E4925C000949D90 /* Release */ = {
			isa = XCBuildConfiguration;
			buildSettings = {
				ALWAYS_SEARCH_USER_PATHS = NO;
				CLANG_ANALYZER_NONNULL = YES;
				CLANG_CXX_LANGUAGE_STANDARD = "gnu++0x";
				CLANG_CXX_LIBRARY = "libc++";
				CLANG_ENABLE_MODULES = YES;
				CLANG_ENABLE_OBJC_ARC = YES;
				CLANG_WARN_BLOCK_CAPTURE_AUTORELEASING = YES;
				CLANG_WARN_BOOL_CONVERSION = YES;
				CLANG_WARN_COMMA = YES;
				CLANG_WARN_CONSTANT_CONVERSION = YES;
				CLANG_WARN_DIRECT_OBJC_ISA_USAGE = YES_ERROR;
				CLANG_WARN_DOCUMENTATION_COMMENTS = YES;
				CLANG_WARN_EMPTY_BODY = YES;
				CLANG_WARN_ENUM_CONVERSION = YES;
				CLANG_WARN_INFINITE_RECURSION = YES;
				CLANG_WARN_INT_CONVERSION = YES;
				CLANG_WARN_NON_LITERAL_NULL_CONVERSION = YES;
				CLANG_WARN_OBJC_LITERAL_CONVERSION = YES;
				CLANG_WARN_OBJC_ROOT_CLASS = YES_ERROR;
				CLANG_WARN_RANGE_LOOP_ANALYSIS = YES;
				CLANG_WARN_STRICT_PROTOTYPES = YES;
				CLANG_WARN_SUSPICIOUS_MOVE = YES;
				CLANG_WARN_UNREACHABLE_CODE = YES;
				CLANG_WARN__DUPLICATE_METHOD_MATCH = YES;
				"CODE_SIGN_IDENTITY[sdk=iphoneos*]" = "iPhone Developer";
				COPY_PHASE_STRIP = NO;
				DEBUG_INFORMATION_FORMAT = "dwarf-with-dsym";
				ENABLE_NS_ASSERTIONS = NO;
				ENABLE_STRICT_OBJC_MSGSEND = YES;
				GCC_C_LANGUAGE_STANDARD = gnu99;
				GCC_NO_COMMON_BLOCKS = YES;
				GCC_WARN_64_TO_32_BIT_CONVERSION = YES;
				GCC_WARN_ABOUT_RETURN_TYPE = YES_ERROR;
				GCC_WARN_UNDECLARED_SELECTOR = YES;
				GCC_WARN_UNINITIALIZED_AUTOS = YES_AGGRESSIVE;
				GCC_WARN_UNUSED_FUNCTION = YES;
				GCC_WARN_UNUSED_VARIABLE = YES;
				IPHONEOS_DEPLOYMENT_TARGET = 8.0;
				MTL_ENABLE_DEBUG_INFO = NO;
				SDKROOT = iphoneos;
				SYMROOT = ../../../build;
				VALIDATE_PRODUCT = YES;
			};
			name = Release;
		};
		57F0DD091E4925C000949D90 /* Debug */ = {
			isa = XCBuildConfiguration;
			buildSettings = {
				DEVELOPMENT_TEAM = 42R5XUY266;
				HEADER_SEARCH_PATHS = (
					"$(r4_root)/contrib/src",
					"$(r4_root)/libs",
					"$(r4_root)/contrib",
					../../../contrib/deps,
				);
				IPHONEOS_DEPLOYMENT_TARGET = 8.0;
				OTHER_LDFLAGS = "-ObjC";
				PRODUCT_NAME = brsh;
				SKIP_INSTALL = YES;
				SYMROOT = ../../../build;
				r4_root = "$(HOME)/art/r4";
			};
			name = Debug;
		};
		57F0DD0A1E4925C000949D90 /* Release */ = {
			isa = XCBuildConfiguration;
			buildSettings = {
				DEVELOPMENT_TEAM = 42R5XUY266;
				HEADER_SEARCH_PATHS = (
					"$(r4_root)/contrib/src",
					"$(r4_root)/libs",
					"$(r4_root)/contrib",
					../../../contrib/deps,
				);
				IPHONEOS_DEPLOYMENT_TARGET = 8.0;
				OTHER_LDFLAGS = "-ObjC";
				PRODUCT_NAME = brsh;
				SKIP_INSTALL = YES;
				SYMROOT = ../../../build;
				r4_root = "$(HOME)/art/r4";
			};
			name = Release;
		};
/* End XCBuildConfiguration section */

/* Begin XCConfigurationList section */
		57F0DCFA1E4925C000949D90 /* Build configuration list for PBXProject "brsh-ios" */ = {
			isa = XCConfigurationList;
			buildConfigurations = (
				57F0DD061E4925C000949D90 /* Debug */,
				57F0DD071E4925C000949D90 /* Release */,
			);
			defaultConfigurationIsVisible = 0;
			defaultConfigurationName = Release;
		};
		57F0DD081E4925C000949D90 /* Build configuration list for PBXNativeTarget "brsh-ios" */ = {
			isa = XCConfigurationList;
			buildConfigurations = (
				57F0DD091E4925C000949D90 /* Debug */,
				57F0DD0A1E4925C000949D90 /* Release */,
			);
			defaultConfigurationIsVisible = 0;
			defaultConfigurationName = Release;
		};
/* End XCConfigurationList section */
	};
	rootObject = 57F0DCF71E4925C000949D90 /* Project object */;
}
